
Microsoft Visual Studio Solution File, Format Version 12.00
# Visual Studio 15
VisualStudioVersion = 15.0.28010.2048
MinimumVisualStudioVersion = 10.0.40219.1
Project("{888888A0-9F3D-457C-B088-3A5042F75D52}") = "udacity-pytorch", "udacity-pytorch\udacity-pytorch.pyproj", "{3F68CFCB-5792-4A1E-A3A1-D4AA50298607}"
EndProject
Project("{888888A0-9F3D-457C-B088-3A5042F75D52}") = "perceptron", "perceptron\perceptron.pyproj", "{A9D6DE6F-F24E-46F4-B430-BEB4EEA93E38}"
EndProject
Project("{888888A0-9F3D-457C-B088-3A5042F75D52}") = "crossentropy", "crossentropy\crossentropy.pyproj", "{589AC4B3-599A-43BF-B6C5-4656D0619511}"
EndProject
Project("{888888A0-9F3D-457C-B088-3A5042F75D52}") = "gradient-descent", "gradient-descent\gradient-descent.pyproj", "{57592CEE-FDEA-44BA-9DFA-056A8C2F5427}"
EndProject
Project("{888888A0-9F3D-457C-B088-3A5042F75D52}") = "student-admissions", "student-admissions\student-admissions.pyproj", "{6E2ECB9F-92C5-4584-AEEA-CDF70D00BC8D}"
EndProject
Global
	GlobalSection(SolutionConfigurationPlatforms) = preSolution
		Debug|Any CPU = Debug|Any CPU
		Release|Any CPU = Release|Any CPU
	EndGlobalSection
	GlobalSection(ProjectConfigurationPlatforms) = postSolution
		{3F68CFCB-5792-4A1E-A3A1-D4AA50298607}.Debug|Any CPU.ActiveCfg = Debug|Any CPU
		{3F68CFCB-5792-4A1E-A3A1-D4AA50298607}.Release|Any CPU.ActiveCfg = Release|Any CPU
		{A9D6DE6F-F24E-46F4-B430-BEB4EEA93E38}.Debug|Any CPU.ActiveCfg = Debug|Any CPU
		{A9D6DE6F-F24E-46F4-B430-BEB4EEA93E38}.Release|Any CPU.ActiveCfg = Release|Any CPU
		{589AC4B3-599A-43BF-B6C5-4656D0619511}.Debug|Any CPU.ActiveCfg = Debug|Any CPU
		{589AC4B3-599A-43BF-B6C5-4656D0619511}.Release|Any CPU.ActiveCfg = Release|Any CPU
		{57592CEE-FDEA-44BA-9DFA-056A8C2F5427}.Debug|Any CPU.ActiveCfg = Debug|Any CPU
		{57592CEE-FDEA-44BA-9DFA-056A8C2F5427}.Release|Any CPU.ActiveCfg = Release|Any CPU
		{6E2ECB9F-92C5-4584-AEEA-CDF70D00BC8D}.Debug|Any CPU.ActiveCfg = Debug|Any CPU
		{6E2ECB9F-92C5-4584-AEEA-CDF70D00BC8D}.Release|Any CPU.ActiveCfg = Release|Any CPU
	EndGlobalSection
	GlobalSection(SolutionProperties) = preSolution
		HideSolutionNode = FALSE
	EndGlobalSection
	GlobalSection(ExtensibilityGlobals) = postSolution
		SolutionGuid = {38586083-7F84-42E5-BAF6-5777358AC733}
	EndGlobalSection
EndGlobal
